
Microsoft Visual Studio Solution File, Format Version 12.00
# Visual Studio Version 16
VisualStudioVersion = 16.0.29911.84
MinimumVisualStudioVersion = 10.0.40219.1
Project("{FAE04EC0-301F-11D3-BF4B-00C04F79EFBC}") = "TestingSignalR.Android", "TestingSignalR\TestingSignalR.Android\TestingSignalR.Android.csproj", "{987DC4E6-CF40-43AE-8D9D-9986293CD5C5}"
EndProject
Project("{FAE04EC0-301F-11D3-BF4B-00C04F79EFBC}") = "TestingSignalR.iOS", "TestingSignalR\TestingSignalR.iOS\TestingSignalR.iOS.csproj", "{AB1A13D3-DF60-4E7C-BCAF-582E4D5AF4F0}"
EndProject
Project("{FAE04EC0-301F-11D3-BF4B-00C04F79EFBC}") = "TestingSignalR", "TestingSignalR\TestingSignalR\TestingSignalR.csproj", "{E90DE69F-79A4-48FA-B038-29FA73B0509A}"
EndProject
Global
	GlobalSection(SolutionConfigurationPlatforms) = preSolution
		Debug|Any CPU = Debug|Any CPU
		Debug|iPhone = Debug|iPhone
		Debug|iPhoneSimulator = Debug|iPhoneSimulator
		Release|Any CPU = Release|Any CPU
		Release|iPhone = Release|iPhone
		Release|iPhoneSimulator = Release|iPhoneSimulator
	EndGlobalSection
	GlobalSection(ProjectConfigurationPlatforms) = postSolution
		{987DC4E6-CF40-43AE-8D9D-9986293CD5C5}.Debug|Any CPU.ActiveCfg = Debug|Any CPU
		{987DC4E6-CF40-43AE-8D9D-9986293CD5C5}.Debug|Any CPU.Build.0 = Debug|Any CPU
		{987DC4E6-CF40-43AE-8D9D-9986293CD5C5}.Debug|Any CPU.Deploy.0 = Debug|Any CPU
		{987DC4E6-CF40-43AE-8D9D-9986293CD5C5}.Debug|iPhone.ActiveCfg = Debug|Any CPU
		{987DC4E6-CF40-43AE-8D9D-9986293CD5C5}.Debug|iPhone.Build.0 = Debug|Any CPU
		{987DC4E6-CF40-43AE-8D9D-9986293CD5C5}.Debug|iPhone.Deploy.0 = Debug|Any CPU
		{987DC4E6-CF40-43AE-8D9D-9986293CD5C5}.Debug|iPhoneSimulator.ActiveCfg = Debug|Any CPU
		{987DC4E6-CF40-43AE-8D9D-9986293CD5C5}.Debug|iPhoneSimulator.Build.0 = Debug|Any CPU
		{987DC4E6-CF40-43AE-8D9D-9986293CD5C5}.Debug|iPhoneSimulator.Deploy.0 = Debug|Any CPU
		{987DC4E6-CF40-43AE-8D9D-9986293CD5C5}.Release|Any CPU.ActiveCfg = Release|Any CPU
		{987DC4E6-CF40-43AE-8D9D-9986293CD5C5}.Release|Any CPU.Build.0 = Release|Any CPU
		{987DC4E6-CF40-43AE-8D9D-9986293CD5C5}.Release|Any CPU.Deploy.0 = Release|Any CPU
		{987DC4E6-CF40-43AE-8D9D-9986293CD5C5}.Release|iPhone.ActiveCfg = Release|Any CPU
		{987DC4E6-CF40-43AE-8D9D-9986293CD5C5}.Release|iPhone.Build.0 = Release|Any CPU
		{987DC4E6-CF40-43AE-8D9D-9986293CD5C5}.Release|iPhone.Deploy.0 = Release|Any CPU
		{987DC4E6-CF40-43AE-8D9D-9986293CD5C5}.Release|iPhoneSimulator.ActiveCfg = Release|Any CPU
		{987DC4E6-CF40-43AE-8D9D-9986293CD5C5}.Release|iPhoneSimulator.Build.0 = Release|Any CPU
		{987DC4E6-CF40-43AE-8D9D-9986293CD5C5}.Release|iPhoneSimulator.Deploy.0 = Release|Any CPU
		{AB1A13D3-DF60-4E7C-BCAF-582E4D5AF4F0}.Debug|Any CPU.ActiveCfg = Debug|iPhone
		{AB1A13D3-DF60-4E7C-BCAF-582E4D5AF4F0}.Debug|Any CPU.Build.0 = Debug|iPhone
		{AB1A13D3-DF60-4E7C-BCAF-582E4D5AF4F0}.Debug|Any CPU.Deploy.0 = Debug|iPhone
		{AB1A13D3-DF60-4E7C-BCAF-582E4D5AF4F0}.Debug|iPhone.ActiveCfg = Debug|iPhone
		{AB1A13D3-DF60-4E7C-BCAF-582E4D5AF4F0}.Debug|iPhone.Build.0 = Debug|iPhone
		{AB1A13D3-DF60-4E7C-BCAF-582E4D5AF4F0}.Debug|iPhone.Deploy.0 = Debug|iPhone
		{AB1A13D3-DF60-4E7C-BCAF-582E4D5AF4F0}.Debug|iPhoneSimulator.ActiveCfg = Debug|iPhoneSimulator
		{AB1A13D3-DF60-4E7C-BCAF-582E4D5AF4F0}.Debug|iPhoneSimulator.Build.0 = Debug|iPhoneSimulator
		{AB1A13D3-DF60-4E7C-BCAF-582E4D5AF4F0}.Debug|iPhoneSimulator.Deploy.0 = Debug|iPhoneSimulator
		{AB1A13D3-DF60-4E7C-BCAF-582E4D5AF4F0}.Release|Any CPU.ActiveCfg = Release|iPhone
		{AB1A13D3-DF60-4E7C-BCAF-582E4D5AF4F0}.Release|Any CPU.Build.0 = Release|iPhone
		{AB1A13D3-DF60-4E7C-BCAF-582E4D5AF4F0}.Release|Any CPU.Deploy.0 = Release|iPhone
		{AB1A13D3-DF60-4E7C-BCAF-582E4D5AF4F0}.Release|iPhone.ActiveCfg = Release|iPhone
		{AB1A13D3-DF60-4E7C-BCAF-582E4D5AF4F0}.Release|iPhone.Build.0 = Release|iPhone
		{AB1A13D3-DF60-4E7C-BCAF-582E4D5AF4F0}.Release|iPhone.Deploy.0 = Release|iPhone
		{AB1A13D3-DF60-4E7C-BCAF-582E4D5AF4F0}.Release|iPhoneSimulator.ActiveCfg = Release|iPhoneSimulator
		{AB1A13D3-DF60-4E7C-BCAF-582E4D5AF4F0}.Release|iPhoneSimulator.Build.0 = Release|iPhoneSimulator
		{AB1A13D3-DF60-4E7C-BCAF-582E4D5AF4F0}.Release|iPhoneSimulator.Deploy.0 = Release|iPhoneSimulator
		{E90DE69F-79A4-48FA-B038-29FA73B0509A}.Debug|Any CPU.ActiveCfg = Debug|Any CPU
		{E90DE69F-79A4-48FA-B038-29FA73B0509A}.Debug|Any CPU.Build.0 = Debug|Any CPU
		{E90DE69F-79A4-48FA-B038-29FA73B0509A}.Debug|Any CPU.Deploy.0 = Debug|Any CPU
		{E90DE69F-79A4-48FA-B038-29FA73B0509A}.Debug|iPhone.ActiveCfg = Debug|Any CPU
		{E90DE69F-79A4-48FA-B038-29FA73B0509A}.Debug|iPhone.Build.0 = Debug|Any CPU
		{E90DE69F-79A4-48FA-B038-29FA73B0509A}.Debug|iPhone.Deploy.0 = Debug|Any CPU
		{E90DE69F-79A4-48FA-B038-29FA73B0509A}.Debug|iPhoneSimulator.ActiveCfg = Debug|Any CPU
		{E90DE69F-79A4-48FA-B038-29FA73B0509A}.Debug|iPhoneSimulator.Build.0 = Debug|Any CPU
		{E90DE69F-79A4-48FA-B038-29FA73B0509A}.Debug|iPhoneSimulator.Deploy.0 = Debug|Any CPU
		{E90DE69F-79A4-48FA-B038-29FA73B0509A}.Release|Any CPU.ActiveCfg = Release|Any CPU
		{E90DE69F-79A4-48FA-B038-29FA73B0509A}.Release|Any CPU.Build.0 = Release|Any CPU
		{E90DE69F-79A4-48FA-B038-29FA73B0509A}.Release|Any CPU.Deploy.0 = Release|Any CPU
		{E90DE69F-79A4-48FA-B038-29FA73B0509A}.Release|iPhone.ActiveCfg = Release|Any CPU
		{E90DE69F-79A4-48FA-B038-29FA73B0509A}.Release|iPhone.Build.0 = Release|Any CPU
		{E90DE69F-79A4-48FA-B038-29FA73B0509A}.Release|iPhone.Deploy.0 = Release|Any CPU
		{E90DE69F-79A4-48FA-B038-29FA73B0509A}.Release|iPhoneSimulator.ActiveCfg = Release|Any CPU
		{E90DE69F-79A4-48FA-B038-29FA73B0509A}.Release|iPhoneSimulator.Build.0 = Release|Any CPU
		{E90DE69F-79A4-48FA-B038-29FA73B0509A}.Release|iPhoneSimulator.Deploy.0 = Release|Any CPU
	EndGlobalSection
	GlobalSection(SolutionProperties) = preSolution
		HideSolutionNode = FALSE
	EndGlobalSection
	GlobalSection(ExtensibilityGlobals) = postSolution
		SolutionGuid = {733A76DF-1AFE-476E-985C-AEC018B7E694}
	EndGlobalSection
EndGlobal
